
Microsoft Visual Studio Solution File, Format Version 12.00
# Visual Studio Version 17
VisualStudioVersion = 17.8.34408.163
MinimumVisualStudioVersion = 10.0.40219.1
Project("{FAE04EC0-301F-11D3-BF4B-00C04F79EFBC}") = "Gestion_de_Bibliotecav2", "Gestion_de_Bibliotecav2\Gestion_de_Bibliotecav2.csproj", "{436FDF5F-9B9C-40D8-8277-7189D4665D5B}"
EndProject
Global
	GlobalSection(SolutionConfigurationPlatforms) = preSolution
		Debug|Any CPU = Debug|Any CPU
		Release|Any CPU = Release|Any CPU
	EndGlobalSection
	GlobalSection(ProjectConfigurationPlatforms) = postSolution
		{436FDF5F-9B9C-40D8-8277-7189D4665D5B}.Debug|Any CPU.ActiveCfg = Debug|Any CPU
		{436FDF5F-9B9C-40D8-8277-7189D4665D5B}.Debug|Any CPU.Build.0 = Debug|Any CPU
		{436FDF5F-9B9C-40D8-8277-7189D4665D5B}.Release|Any CPU.ActiveCfg = Release|Any CPU
		{436FDF5F-9B9C-40D8-8277-7189D4665D5B}.Release|Any CPU.Build.0 = Release|Any CPU
	EndGlobalSection
	GlobalSection(SolutionProperties) = preSolution
		HideSolutionNode = FALSE
	EndGlobalSection
	GlobalSection(ExtensibilityGlobals) = postSolution
		SolutionGuid = {00FDDD21-8DBD-42B0-81BF-48A0B842F272}
	EndGlobalSection
EndGlobal
